
Microsoft Visual Studio Solution File, Format Version 12.00
# Visual Studio Version 16
VisualStudioVersion = 16.0.32228.343
MinimumVisualStudioVersion = 10.0.40219.1
Project("{FAE04EC0-301F-11D3-BF4B-00C04F79EFBC}") = "AcmeCorpApp", "AcmeCorpApp\AcmeCorpApp.csproj", "{58C8207A-9386-49BD-AC0F-88AF4E703697}"
EndProject
Project("{FAE04EC0-301F-11D3-BF4B-00C04F79EFBC}") = "AcmeCorp.Service", "AcmeCorp.Service\AcmeCorp.Service.csproj", "{B9BA63BF-E759-4693-B2D7-735B5F73EFAD}"
EndProject
Project("{FAE04EC0-301F-11D3-BF4B-00C04F79EFBC}") = "AcmeCorp.Test", "AcmeCorp.Test\AcmeCorp.Test.csproj", "{DD2C6E1D-3ACB-4E69-9166-5415FAF47833}"
EndProject
Global
	GlobalSection(SolutionConfigurationPlatforms) = preSolution
		Debug|Any CPU = Debug|Any CPU
		Release|Any CPU = Release|Any CPU
	EndGlobalSection
	GlobalSection(ProjectConfigurationPlatforms) = postSolution
		{58C8207A-9386-49BD-AC0F-88AF4E703697}.Debug|Any CPU.ActiveCfg = Debug|Any CPU
		{58C8207A-9386-49BD-AC0F-88AF4E703697}.Debug|Any CPU.Build.0 = Debug|Any CPU
		{58C8207A-9386-49BD-AC0F-88AF4E703697}.Release|Any CPU.ActiveCfg = Release|Any CPU
		{58C8207A-9386-49BD-AC0F-88AF4E703697}.Release|Any CPU.Build.0 = Release|Any CPU
		{B9BA63BF-E759-4693-B2D7-735B5F73EFAD}.Debug|Any CPU.ActiveCfg = Debug|Any CPU
		{B9BA63BF-E759-4693-B2D7-735B5F73EFAD}.Debug|Any CPU.Build.0 = Debug|Any CPU
		{B9BA63BF-E759-4693-B2D7-735B5F73EFAD}.Release|Any CPU.ActiveCfg = Release|Any CPU
		{B9BA63BF-E759-4693-B2D7-735B5F73EFAD}.Release|Any CPU.Build.0 = Release|Any CPU
		{DD2C6E1D-3ACB-4E69-9166-5415FAF47833}.Debug|Any CPU.ActiveCfg = Debug|Any CPU
		{DD2C6E1D-3ACB-4E69-9166-5415FAF47833}.Debug|Any CPU.Build.0 = Debug|Any CPU
		{DD2C6E1D-3ACB-4E69-9166-5415FAF47833}.Release|Any CPU.ActiveCfg = Release|Any CPU
		{DD2C6E1D-3ACB-4E69-9166-5415FAF47833}.Release|Any CPU.Build.0 = Release|Any CPU
	EndGlobalSection
	GlobalSection(SolutionProperties) = preSolution
		HideSolutionNode = FALSE
	EndGlobalSection
	GlobalSection(ExtensibilityGlobals) = postSolution
		SolutionGuid = {CB03E03D-EF4C-4077-B183-57F15AE93366}
	EndGlobalSection
EndGlobal
